PODS:
  - Action (3.0.0):
    - RxCocoa (~> 3.4.0)
    - RxSwift (~> 3.4.0)
  - Alamofire (4.4.0)
  - ESTabBarController-swift (2.4)
  - IQKeyboardManagerSwift (4.0.9)
  - Kingfisher (3.9.1)
  - MJRefresh (3.1.12)
  - Moya (8.0.4):
    - Moya/Core (= 8.0.4)
  - Moya/Core (8.0.4):
    - Alamofire (~> 4.1)
    - Result (~> 3.0)
  - Moya/RxSwift (8.0.4):
    - Moya/Core
    - RxSwift (~> 3.0)
  - NSObject+Rx (2.3.0):
    - RxSwift (~> 3.0)
  - ObjectMapper (2.2.6)
  - Permission/AddressBook (2.0.4):
    - Permission/Core
  - Permission/Bluetooth (2.0.4):
    - Permission/Core
  - Permission/Camera (2.0.4):
    - Permission/Core
  - Permission/Contacts (2.0.4):
    - Permission/Core
  - Permission/Core (2.0.4)
  - Permission/Events (2.0.4):
    - Permission/Core
  - Permission/Location (2.0.4):
    - Permission/Core
  - Permission/MediaLibrary (2.0.4):
    - Permission/Core
  - Permission/Microphone (2.0.4):
    - Permission/Core
  - Permission/Motion (2.0.4):
    - Permission/Core
  - Permission/Notifications (2.0.4):
    - Permission/Core
  - Permission/Photos (2.0.4):
    - Permission/Core
  - Permission/Reminders (2.0.4):
    - Permission/Core
  - Permission/SpeechRecognizer (2.0.4):
    - Permission/Core
  - Realm (2.7.0):
    - Realm/Headers (= 2.7.0)
  - Realm/Headers (2.7.0)
  - RealmSwift (2.7.0):
    - Realm (= 2.7.0)
  - Result (3.2.2)
  - RxCocoa (3.4.1):
    - RxSwift (~> 3.4)
  - RxDataSources (1.0.3):
    - RxCocoa (~> 3.0)
    - RxSwift (~> 3.0)
  - RxPermission (1.0.0):
    - RxPermission/AddressBook (= 1.0.0)
    - RxPermission/Bluetooth (= 1.0.0)
    - RxPermission/Camera (= 1.0.0)
    - RxPermission/Contacts (= 1.0.0)
    - RxPermission/Core (= 1.0.0)
    - RxPermission/Events (= 1.0.0)
    - RxPermission/Location (= 1.0.0)
    - RxPermission/MediaLibrary (= 1.0.0)
    - RxPermission/Microphone (= 1.0.0)
    - RxPermission/Motion (= 1.0.0)
    - RxPermission/Notifications (= 1.0.0)
    - RxPermission/Photos (= 1.0.0)
    - RxPermission/Reminders (= 1.0.0)
    - RxPermission/SpeechRecognizer (= 1.0.0)
  - RxPermission/AddressBook (1.0.0):
    - Permission/AddressBook
    - RxPermission/Core
  - RxPermission/Bluetooth (1.0.0):
    - Permission/Bluetooth
    - RxPermission/Core
  - RxPermission/Camera (1.0.0):
    - Permission/Camera
    - RxPermission/Core
  - RxPermission/Contacts (1.0.0):
    - Permission/Contacts
    - RxPermission/Core
  - RxPermission/Core (1.0.0):
    - Permission/Core
    - RxSwift
  - RxPermission/Events (1.0.0):
    - Permission/Events
    - RxPermission/Core
  - RxPermission/Location (1.0.0):
    - Permission/Location
    - RxPermission/Core
  - RxPermission/MediaLibrary (1.0.0):
    - Permission/MediaLibrary
    - RxPermission/Core
  - RxPermission/Microphone (1.0.0):
    - Permission/Microphone
    - RxPermission/Core
  - RxPermission/Motion (1.0.0):
    - Permission/Motion
    - RxPermission/Core
  - RxPermission/Notifications (1.0.0):
    - Permission/Notifications
    - RxPermission/Core
  - RxPermission/Photos (1.0.0):
    - Permission/Photos
    - RxPermission/Core
  - RxPermission/Reminders (1.0.0):
    - Permission/Reminders
    - RxPermission/Core
  - RxPermission/SpeechRecognizer (1.0.0):
    - Permission/SpeechRecognizer
    - RxPermission/Core
  - RxRealm (0.6.0):
    - RealmSwift (~> 2.5)
    - RxSwift (~> 3.2)
  - RxSwift (3.4.1)
  - SnapKit (3.2.0)
  - SVProgressHUD (2.1.2)
  - Then (2.1.0)
  - YYText (1.0.7)

DEPENDENCIES:
  - Action
  - Alamofire
  - ESTabBarController-swift
  - IQKeyboardManagerSwift
  - Kingfisher
  - MJRefresh
  - Moya
  - Moya/RxSwift
  - NSObject+Rx
  - ObjectMapper (~> 2.2)
  - RealmSwift
  - RxCocoa
  - RxDataSources
  - RxPermission
  - RxRealm
  - RxSwift
  - SnapKit
  - SVProgressHUD
  - Then
  - YYText

SPEC CHECKSUMS:
  Action: fed388b9160ad787a58cb34b5064db6dbaae7e45
  Alamofire: dc44b1600b800eb63da6a19039a0083d62a6a62d
  ESTabBarController-swift: af496895039ba10ae60bf825473c45f23fc5c8b6
  IQKeyboardManagerSwift: 2eefe6c429b86aa08bfbc1b5c891164d754adf91
  Kingfisher: 6729a0baaa458245bfb8cd5a1296c71c10d6eb6c
  MJRefresh: b96cdb21c4aa75a7b07654311ab2f315c497e806
  Moya: a08bc060c7a44eee27447b239ed33a189b641e2b
  NSObject+Rx: 38170f84b948152c05c57260cb853e387a5519d1
  ObjectMapper: 042708195cc46c20871cbcbec0453826398273fd
  Permission: 6853b9694e66a6c9197468c66d1935c3629cbf9c
  Realm: 07e5d3a9e0e41d65fd5f9f05150ed6295d0f093b
  RealmSwift: 6d06425d3900c86473c4f323bf6949b43fca22bc
  Result: 4edd39003fdccf281d418ee1b006571f70123250
  RxCocoa: a8a5f1d061d0043e28f56976829f31ce63e8eb09
  RxDataSources: a021a0e944ba5f7991259829d973afdbfa719c0b
  RxPermission: acca72f2f9b75cfb5c90e34030ab774f4088bccb
  RxRealm: 323de579b50b5e0f4a3e087d5925021f976ffaf1
  RxSwift: 656f8fbeca5bc372121a72d9ebdd3cd3bc0ffade
  SnapKit: 1ca44df72cfa543218d177cb8aab029d10d86ea7
  SVProgressHUD: c404a55d78acbeb7ebb78b76d3faf986475a6994
  Then: 8496793c8fcac95482b943909b440724c7d8d82c
  YYText: 5c461d709e24d55a182d1441c41dc639a18a4849

PODFILE CHECKSUM: bb63168a0c33cc443153dad72fa0044a0360c086

COCOAPODS: 1.2.0
